<?xml version="1.0" encoding="utf-8"?>
<Project ToolsVersion="4.0" xmlns="http://schemas.microsoft.com/developer/msbuild/2003">
  <ItemGroup>
    <ClCompile Include="display_formatting.cpp">
      <Filter>pliki .cpp</Filter>
    </ClCompile>
    <ClCompile Include="main.cpp">
      <Filter>pliki .cpp</Filter>
    </ClCompile>
    <ClCompile Include="menu.cpp">
      <Filter>pliki .cpp</Filter>
    </ClCompile>
    <ClCompile Include="menu_actions.cpp">
      <Filter>pliki .cpp</Filter>
    </ClCompile>
    <ClCompile Include="set_menu_strings.cpp">
      <Filter>pliki .cpp</Filter>
    </ClCompile>
    <ClCompile Include="communication.cpp">
      <Filter>pliki .cpp</Filter>
    </ClCompile>
    <ClCompile Include="save_as_txt.cpp">
      <Filter>pliki .cpp</Filter>
    </ClCompile>
    <ClCompile Include="play_music.cpp">
      <Filter>pliki .cpp</Filter>
    </ClCompile>
    <ClCompile Include="create_music.cpp">
      <Filter>pliki .cpp</Filter>
    </ClCompile>
    <ClCompile Include="load_music.cpp">
      <Filter>pliki .cpp</Filter>
    </ClCompile>
  </ItemGroup>
  <ItemGroup>
    <ClInclude Include="display_formatting.h">
      <Filter>pliki .h</Filter>
    </ClInclude>
    <ClInclude Include="menu_actions.h">
      <Filter>pliki .h</Filter>
    </ClInclude>
    <ClInclude Include="set_menu_strings.h">
      <Filter>pliki .h</Filter>
    </ClInclude>
    <ClInclude Include="menu.h">
      <Filter>pliki .h</Filter>
    </ClInclude>
    <ClInclude Include="communication.h">
      <Filter>pliki .h</Filter>
    </ClInclude>
    <ClInclude Include="save_as_txt.h">
      <Filter>pliki .h</Filter>
    </ClInclude>
    <ClInclude Include="play_music.h">
      <Filter>pliki .h</Filter>
    </ClInclude>
    <ClInclude Include="create_music.h">
      <Filter>pliki .h</Filter>
    </ClInclude>
    <ClInclude Include="load_music.h">
      <Filter>pliki .h</Filter>
    </ClInclude>
  </ItemGroup>
  <ItemGroup>
    <Filter Include="pliki .cpp">
      <UniqueIdentifier>{51235ac7-d11b-454a-b127-5ea3beb38cfd}</UniqueIdentifier>
    </Filter>
    <Filter Include="pliki .h">
      <UniqueIdentifier>{17047685-89a1-4f54-8624-55bea9bb5d85}</UniqueIdentifier>
    </Filter>
  </ItemGroup>
</Project>